// !$*UTF8*$!
{
	archiveVersion = 1;
	classes = {
	};
	objectVersion = 52;
	objects = {

/* Begin PBXBuildFile section */
		7F06C742261D3CE20020A7D6 /* Alamofire in Frameworks */ = {isa = PBXBuildFile; productRef = 7F06C741261D3CE20020A7D6 /* Alamofire */; };
		7F06C748261D40620020A7D6 /* SwiftyJSON in Frameworks */ = {isa = PBXBuildFile; productRef = 7F06C747261D40620020A7D6 /* SwiftyJSON */; };
		7F2AAA49261B85FB00F43A4E /* Pokemon_DatabaseApp.swift in Sources */ = {isa = PBXBuildFile; fileRef = 7F2AAA48261B85FB00F43A4E /* Pokemon_DatabaseApp.swift */; };
		7F2AAA4B261B85FB00F43A4E /* ContentView.swift in Sources */ = {isa = PBXBuildFile; fileRef = 7F2AAA4A261B85FB00F43A4E /* ContentView.swift */; };
		7F2AAA4D261B85FC00F43A4E /* Assets.xcassets in Resources */ = {isa = PBXBuildFile; fileRef = 7F2AAA4C261B85FC00F43A4E /* Assets.xcassets */; };
		7F2AAA50261B85FC00F43A4E /* Preview Assets.xcassets in Resources */ = {isa = PBXBuildFile; fileRef = 7F2AAA4F261B85FC00F43A4E /* Preview Assets.xcassets */; };
		7F2AAA5B261B85FD00F43A4E /* Pokemon_DatabaseTests.swift in Sources */ = {isa = PBXBuildFile; fileRef = 7F2AAA5A261B85FD00F43A4E /* Pokemon_DatabaseTests.swift */; };
		7F2AAA66261B85FD00F43A4E /* Pokemon_DatabaseUITests.swift in Sources */ = {isa = PBXBuildFile; fileRef = 7F2AAA65261B85FD00F43A4E /* Pokemon_DatabaseUITests.swift */; };
/* End PBXBuildFile section */

/* Begin PBXContainerItemProxy section */
		7F2AAA57261B85FD00F43A4E /* PBXContainerItemProxy */ = {
			isa = PBXContainerItemProxy;
			containerPortal = 7F2AAA3D261B85FB00F43A4E /* Project object */;
			proxyType = 1;
			remoteGlobalIDString = 7F2AAA44261B85FB00F43A4E;
			remoteInfo = Pokemon_Database;
		};
		7F2AAA62261B85FD00F43A4E /* PBXContainerItemProxy */ = {
			isa = PBXContainerItemProxy;
			containerPortal = 7F2AAA3D261B85FB00F43A4E /* Project object */;
			proxyType = 1;
			remoteGlobalIDString = 7F2AAA44261B85FB00F43A4E;
			remoteInfo = Pokemon_Database;
		};
/* End PBXContainerItemProxy section */

/* Begin PBXFileReference section */
		7F2AAA45261B85FB00F43A4E /* Pokemon Database.app */ = {isa = PBXFileReference; explicitFileType = wrapper.application; includeInIndex = 0; path = "Pokemon Database.app"; sourceTree = BUILT_PRODUCTS_DIR; };
		7F2AAA48261B85FB00F43A4E /* Pokemon_DatabaseApp.swift */ = {isa = PBXFileReference; lastKnownFileType = sourcecode.swift; path = Pokemon_DatabaseApp.swift; sourceTree = "<group>"; };
		7F2AAA4A261B85FB00F43A4E /* ContentView.swift */ = {isa = PBXFileReference; lastKnownFileType = sourcecode.swift; path = ContentView.swift; sourceTree = "<group>"; };
		7F2AAA4C261B85FC00F43A4E /* Assets.xcassets */ = {isa = PBXFileReference; lastKnownFileType = folder.assetcatalog; path = Assets.xcassets; sourceTree = "<group>"; };
		7F2AAA4F261B85FC00F43A4E /* Preview Assets.xcassets */ = {isa = PBXFileReference; lastKnownFileType = folder.assetcatalog; path = "Preview Assets.xcassets"; sourceTree = "<group>"; };
		7F2AAA51261B85FC00F43A4E /* Info.plist */ = {isa = PBXFileReference; lastKnownFileType = text.plist.xml; path = Info.plist; sourceTree = "<group>"; };
		7F2AAA56261B85FD00F43A4E /* Pokemon DatabaseTests.xctest */ = {isa = PBXFileReference; explicitFileType = wrapper.cfbundle; includeInIndex = 0; path = "Pokemon DatabaseTests.xctest"; sourceTree = BUILT_PRODUCTS_DIR; };
		7F2AAA5A261B85FD00F43A4E /* Pokemon_DatabaseTests.swift */ = {isa = PBXFileReference; lastKnownFileType = sourcecode.swift; path = Pokemon_DatabaseTests.swift; sourceTree = "<group>"; };
		7F2AAA5C261B85FD00F43A4E /* Info.plist */ = {isa = PBXFileReference; lastKnownFileType = text.plist.xml; path = Info.plist; sourceTree = "<group>"; };
		7F2AAA61261B85FD00F43A4E /* Pokemon DatabaseUITests.xctest */ = {isa = PBXFileReference; explicitFileType = wrapper.cfbundle; includeInIndex = 0; path = "Pokemon DatabaseUITests.xctest"; sourceTree = BUILT_PRODUCTS_DIR; };
		7F2AAA65261B85FD00F43A4E /* Pokemon_DatabaseUITests.swift */ = {isa = PBXFileReference; lastKnownFileType = sourcecode.swift; path = Pokemon_DatabaseUITests.swift; sourceTree = "<group>"; };
		7F2AAA67261B85FD00F43A4E /* Info.plist */ = {isa = PBXFileReference; lastKnownFileType = text.plist.xml; path = Info.plist; sourceTree = "<group>"; };
		7F2AAA76261B95C000F43A4E /* Pokemon_Database.entitlements */ = {isa = PBXFileReference; lastKnownFileType = text.plist.entitlements; path = Pokemon_Database.entitlements; sourceTree = "<group>"; };
/* End PBXFileReference section */

/* Begin PBXFrameworksBuildPhase section */
		7F2AAA42261B85FB00F43A4E /* Frameworks */ = {
			isa = PBXFrameworksBuildPhase;
			buildActionMask = 2147483647;
			files = (
				7F06C748261D40620020A7D6 /* SwiftyJSON in Frameworks */,
				7F06C742261D3CE20020A7D6 /* Alamofire in Frameworks */,
			);
			runOnlyForDeploymentPostprocessing = 0;
		};
		7F2AAA53261B85FD00F43A4E /* Frameworks */ = {
			isa = PBXFrameworksBuildPhase;
			buildActionMask = 2147483647;
			files = (
			);
			runOnlyForDeploymentPostprocessing = 0;
		};
		7F2AAA5E261B85FD00F43A4E /* Frameworks */ = {
			isa = PBXFrameworksBuildPhase;
			buildActionMask = 2147483647;
			files = (
			);
			runOnlyForDeploymentPostprocessing = 0;
		};
/* End PBXFrameworksBuildPhase section */

/* Begin PBXGroup section */
		7F2AAA3C261B85FB00F43A4E = {
			isa = PBXGroup;
			children = (
				7F2AAA47261B85FB00F43A4E /* Pokemon_Database */,
				7F2AAA59261B85FD00F43A4E /* Pokemon_DatabaseTests */,
				7F2AAA64261B85FD00F43A4E /* Pokemon_DatabaseUITests */,
				7F2AAA46261B85FB00F43A4E /* Products */,
			);
			sourceTree = "<group>";
		};
		7F2AAA46261B85FB00F43A4E /* Products */ = {
			isa = PBXGroup;
			children = (
				7F2AAA45261B85FB00F43A4E /* Pokemon Database.app */,
				7F2AAA56261B85FD00F43A4E /* Pokemon DatabaseTests.xctest */,
				7F2AAA61261B85FD00F43A4E /* Pokemon DatabaseUITests.xctest */,
			);
			name = Products;
			sourceTree = "<group>";
		};
		7F2AAA47261B85FB00F43A4E /* Pokemon_Database */ = {
			isa = PBXGroup;
			children = (
				7F2AAA76261B95C000F43A4E /* Pokemon_Database.entitlements */,
				7F2AAA48261B85FB00F43A4E /* Pokemon_DatabaseApp.swift */,
				7F2AAA4A261B85FB00F43A4E /* ContentView.swift */,
				7F2AAA4C261B85FC00F43A4E /* Assets.xcassets */,
				7F2AAA51261B85FC00F43A4E /* Info.plist */,
				7F2AAA4E261B85FC00F43A4E /* Preview Content */,
			);
			path = Pokemon_Database;
			sourceTree = "<group>";
		};
		7F2AAA4E261B85FC00F43A4E /* Preview Content */ = {
			isa = PBXGroup;
			children = (
				7F2AAA4F261B85FC00F43A4E /* Preview Assets.xcassets */,
			);
			path = "Preview Content";
			sourceTree = "<group>";
		};
		7F2AAA59261B85FD00F43A4E /* Pokemon_DatabaseTests */ = {
			isa = PBXGroup;
			children = (
				7F2AAA5A261B85FD00F43A4E /* Pokemon_DatabaseTests.swift */,
				7F2AAA5C261B85FD00F43A4E /* Info.plist */,
			);
			path = Pokemon_DatabaseTests;
			sourceTree = "<group>";
		};
		7F2AAA64261B85FD00F43A4E /* Pokemon_DatabaseUITests */ = {
			isa = PBXGroup;
			children = (
				7F2AAA65261B85FD00F43A4E /* Pokemon_DatabaseUITests.swift */,
				7F2AAA67261B85FD00F43A4E /* Info.plist */,
			);
			path = Pokemon_DatabaseUITests;
			sourceTree = "<group>";
		};
/* End PBXGroup section */

/* Begin PBXNativeTarget section */
		7F2AAA44261B85FB00F43A4E /* Pokemon Database */ = {
			isa = PBXNativeTarget;
			buildConfigurationList = 7F2AAA6A261B85FD00F43A4E /* Build configuration list for PBXNativeTarget "Pokemon Database" */;
			buildPhases = (
				7F2AAA41261B85FB00F43A4E /* Sources */,
				7F2AAA42261B85FB00F43A4E /* Frameworks */,
				7F2AAA43261B85FB00F43A4E /* Resources */,
			);
			buildRules = (
			);
			dependencies = (
			);
			name = "Pokemon Database";
			packageProductDependencies = (
				7F06C741261D3CE20020A7D6 /* Alamofire */,
				7F06C747261D40620020A7D6 /* SwiftyJSON */,
			);
			productName = Pokemon_Database;
			productReference = 7F2AAA45261B85FB00F43A4E /* Pokemon Database.app */;
			productType = "com.apple.product-type.application";
		};
		7F2AAA55261B85FD00F43A4E /* Pokemon DatabaseTests */ = {
			isa = PBXNativeTarget;
			buildConfigurationList = 7F2AAA6D261B85FD00F43A4E /* Build configuration list for PBXNativeTarget "Pokemon DatabaseTests" */;
			buildPhases = (
				7F2AAA52261B85FD00F43A4E /* Sources */,
				7F2AAA53261B85FD00F43A4E /* Frameworks */,
				7F2AAA54261B85FD00F43A4E /* Resources */,
			);
			buildRules = (
			);
			dependencies = (
				7F2AAA58261B85FD00F43A4E /* PBXTargetDependency */,
			);
			name = "Pokemon DatabaseTests";
			productName = Pokemon_DatabaseTests;
			productReference = 7F2AAA56261B85FD00F43A4E /* Pokemon DatabaseTests.xctest */;
			productType = "com.apple.product-type.bundle.unit-test";
		};
		7F2AAA60261B85FD00F43A4E /* Pokemon DatabaseUITests */ = {
			isa = PBXNativeTarget;
			buildConfigurationList = 7F2AAA70261B85FD00F43A4E /* Build configuration list for PBXNativeTarget "Pokemon DatabaseUITests" */;
			buildPhases = (
				7F2AAA5D261B85FD00F43A4E /* Sources */,
				7F2AAA5E261B85FD00F43A4E /* Frameworks */,
				7F2AAA5F261B85FD00F43A4E /* Resources */,
			);
			buildRules = (
			);
			dependencies = (
				7F2AAA63261B85FD00F43A4E /* PBXTargetDependency */,
			);
			name = "Pokemon DatabaseUITests";
			productName = Pokemon_DatabaseUITests;
			productReference = 7F2AAA61261B85FD00F43A4E /* Pokemon DatabaseUITests.xctest */;
			productType = "com.apple.product-type.bundle.ui-testing";
		};
/* End PBXNativeTarget section */

/* Begin PBXProject section */
		7F2AAA3D261B85FB00F43A4E /* Project object */ = {
			isa = PBXProject;
			attributes = {
				LastSwiftUpdateCheck = 1240;
				LastUpgradeCheck = 1240;
				TargetAttributes = {
					7F2AAA44261B85FB00F43A4E = {
						CreatedOnToolsVersion = 12.4;
					};
					7F2AAA55261B85FD00F43A4E = {
						CreatedOnToolsVersion = 12.4;
						TestTargetID = 7F2AAA44261B85FB00F43A4E;
					};
					7F2AAA60261B85FD00F43A4E = {
						CreatedOnToolsVersion = 12.4;
						TestTargetID = 7F2AAA44261B85FB00F43A4E;
					};
				};
			};
			buildConfigurationList = 7F2AAA40261B85FB00F43A4E /* Build configuration list for PBXProject "Pokemon Database" */;
			compatibilityVersion = "Xcode 9.3";
			developmentRegion = en;
			hasScannedForEncodings = 0;
			knownRegions = (
				en,
				Base,
			);
			mainGroup = 7F2AAA3C261B85FB00F43A4E;
			packageReferences = (
				7F06C740261D3CE20020A7D6 /* XCRemoteSwiftPackageReference "Alamofire" */,
				7F06C746261D40620020A7D6 /* XCRemoteSwiftPackageReference "SwiftyJSON" */,
			);
			productRefGroup = 7F2AAA46261B85FB00F43A4E /* Products */;
			projectDirPath = "";
			projectRoot = "";
			targets = (
				7F2AAA44261B85FB00F43A4E /* Pokemon Database */,
				7F2AAA55261B85FD00F43A4E /* Pokemon DatabaseTests */,
				7F2AAA60261B85FD00F43A4E /* Pokemon DatabaseUITests */,
			);
		};
/* End PBXProject section */

/* Begin PBXResourcesBuildPhase section */
		7F2AAA43261B85FB00F43A4E /* Resources */ = {
			isa = PBXResourcesBuildPhase;
			buildActionMask = 2147483647;
			files = (
				7F2AAA50261B85FC00F43A4E /* Preview Assets.xcassets in Resources */,
				7F2AAA4D261B85FC00F43A4E /* Assets.xcassets in Resources */,
			);
			runOnlyForDeploymentPostprocessing = 0;
		};
		7F2AAA54261B85FD00F43A4E /* Resources */ = {
			isa = PBXResourcesBuildPhase;
			buildActionMask = 2147483647;
			files = (
			);
			runOnlyForDeploymentPostprocessing = 0;
		};
		7F2AAA5F261B85FD00F43A4E /* Resources */ = {
			isa = PBXResourcesBuildPhase;
			buildActionMask = 2147483647;
			files = (
			);
			runOnlyForDeploymentPostprocessing = 0;
		};
/* End PBXResourcesBuildPhase section */

/* Begin PBXSourcesBuildPhase section */
		7F2AAA41261B85FB00F43A4E /* Sources */ = {
			isa = PBXSourcesBuildPhase;
			buildActionMask = 2147483647;
			files = (
				7F2AAA4B261B85FB00F43A4E /* ContentView.swift in Sources */,
				7F2AAA49261B85FB00F43A4E /* Pokemon_DatabaseApp.swift in Sources */,
			);
			runOnlyForDeploymentPostprocessing = 0;
		};
		7F2AAA52261B85FD00F43A4E /* Sources */ = {
			isa = PBXSourcesBuildPhase;
			buildActionMask = 2147483647;
			files = (
				7F2AAA5B261B85FD00F43A4E /* Pokemon_DatabaseTests.swift in Sources */,
			);
			runOnlyForDeploymentPostprocessing = 0;
		};
		7F2AAA5D261B85FD00F43A4E /* Sources */ = {
			isa = PBXSourcesBuildPhase;
			buildActionMask = 2147483647;
			files = (
				7F2AAA66261B85FD00F43A4E /* Pokemon_DatabaseUITests.swift in Sources */,
			);
			runOnlyForDeploymentPostprocessing = 0;
		};
/* End PBXSourcesBuildPhase section */

/* Begin PBXTargetDependency section */
		7F2AAA58261B85FD00F43A4E /* PBXTargetDependency */ = {
			isa = PBXTargetDependency;
			target = 7F2AAA44261B85FB00F43A4E /* Pokemon Database */;
			targetProxy = 7F2AAA57261B85FD00F43A4E /* PBXContainerItemProxy */;
		};
		7F2AAA63261B85FD00F43A4E /* PBXTargetDependency */ = {
			isa = PBXTargetDependency;
			target = 7F2AAA44261B85FB00F43A4E /* Pokemon Database */;
			targetProxy = 7F2AAA62261B85FD00F43A4E /* PBXContainerItemProxy */;
		};
/* End PBXTargetDependency section */

/* Begin XCBuildConfiguration section */
		7F2AAA68261B85FD00F43A4E /* Debug */ = {
			isa = XCBuildConfiguration;
			buildSettings = {
				ALWAYS_SEARCH_USER_PATHS = NO;
				CLANG_ANALYZER_NONNULL = YES;
				CLANG_ANALYZER_NUMBER_OBJECT_CONVERSION = YES_AGGRESSIVE;
				CLANG_CXX_LANGUAGE_STANDARD = "gnu++14";
				CLANG_CXX_LIBRARY = "libc++";
				CLANG_ENABLE_MODULES = YES;
				CLANG_ENABLE_OBJC_ARC = YES;
				CLANG_ENABLE_OBJC_WEAK = YES;
				CLANG_WARN_BLOCK_CAPTURE_AUTORELEASING = YES;
				CLANG_WARN_BOOL_CONVERSION = YES;
				CLANG_WARN_COMMA = YES;
				CLANG_WARN_CONSTANT_CONVERSION = YES;
				CLANG_WARN_DEPRECATED_OBJC_IMPLEMENTATIONS = YES;
				CLANG_WARN_DIRECT_OBJC_ISA_USAGE = YES_ERROR;
				CLANG_WARN_DOCUMENTATION_COMMENTS = YES;
				CLANG_WARN_EMPTY_BODY = YES;
				CLANG_WARN_ENUM_CONVERSION = YES;
				CLANG_WARN_INFINITE_RECURSION = YES;
				CLANG_WARN_INT_CONVERSION = YES;
				CLANG_WARN_NON_LITERAL_NULL_CONVERSION = YES;
				CLANG_WARN_OBJC_IMPLICIT_RETAIN_SELF = YES;
				CLANG_WARN_OBJC_LITERAL_CONVERSION = YES;
				CLANG_WARN_OBJC_ROOT_CLASS = YES_ERROR;
				CLANG_WARN_QUOTED_INCLUDE_IN_FRAMEWORK_HEADER = YES;
				CLANG_WARN_RANGE_LOOP_ANALYSIS = YES;
				CLANG_WARN_STRICT_PROTOTYPES = YES;
				CLANG_WARN_SUSPICIOUS_MOVE = YES;
				CLANG_WARN_UNGUARDED_AVAILABILITY = YES_AGGRESSIVE;
				CLANG_WARN_UNREACHABLE_CODE = YES;
				CLANG_WARN__DUPLICATE_METHOD_MATCH = YES;
				COPY_PHASE_STRIP = NO;
				DEBUG_INFORMATION_FORMAT = dwarf;
				ENABLE_STRICT_OBJC_MSGSEND = YES;
				ENABLE_TESTABILITY = YES;
				GCC_C_LANGUAGE_STANDARD = gnu11;
				GCC_DYNAMIC_NO_PIC = NO;
				GCC_NO_COMMON_BLOCKS = YES;
				GCC_OPTIMIZATION_LEVEL = 0;
				GCC_PREPROCESSOR_DEFINITIONS = (
					"DEBUG=1",
					"$(inherited)",
				);
				GCC_WARN_64_TO_32_BIT_CONVERSION = YES;
				GCC_WARN_ABOUT_RETURN_TYPE = YES_ERROR;
				GCC_WARN_UNDECLARED_SELECTOR = YES;
				GCC_WARN_UNINITIALIZED_AUTOS = YES_AGGRESSIVE;
				GCC_WARN_UNUSED_FUNCTION = YES;
				GCC_WARN_UNUSED_VARIABLE = YES;
				IPHONEOS_DEPLOYMENT_TARGET = 14.4;
				MTL_ENABLE_DEBUG_INFO = INCLUDE_SOURCE;
				MTL_FAST_MATH = YES;
				ONLY_ACTIVE_ARCH = YES;
				SDKROOT = iphoneos;
				SWIFT_ACTIVE_COMPILATION_CONDITIONS = DEBUG;
				SWIFT_OPTIMIZATION_LEVEL = "-Onone";
			};
			name = Debug;
		};
		7F2AAA69261B85FD00F43A4E /* Release */ = {
			isa = XCBuildConfiguration;
			buildSettings = {
				ALWAYS_SEARCH_USER_PATHS = NO;
				CLANG_ANALYZER_NONNULL = YES;
				CLANG_ANALYZER_NUMBER_OBJECT_CONVERSION = YES_AGGRESSIVE;
				CLANG_CXX_LANGUAGE_STANDARD = "gnu++14";
				CLANG_CXX_LIBRARY = "libc++";
				CLANG_ENABLE_MODULES = YES;
				CLANG_ENABLE_OBJC_ARC = YES;
				CLANG_ENABLE_OBJC_WEAK = YES;
				CLANG_WARN_BLOCK_CAPTURE_AUTORELEASING = YES;
				CLANG_WARN_BOOL_CONVERSION = YES;
				CLANG_WARN_COMMA = YES;
				CLANG_WARN_CONSTANT_CONVERSION = YES;
				CLANG_WARN_DEPRECATED_OBJC_IMPLEMENTATIONS = YES;
				CLANG_WARN_DIRECT_OBJC_ISA_USAGE = YES_ERROR;
				CLANG_WARN_DOCUMENTATION_COMMENTS = YES;
				CLANG_WARN_EMPTY_BODY = YES;
				CLANG_WARN_ENUM_CONVERSION = YES;
				CLANG_WARN_INFINITE_RECURSION = YES;
				CLANG_WARN_INT_CONVERSION = YES;
				CLANG_WARN_NON_LITERAL_NULL_CONVERSION = YES;
				CLANG_WARN_OBJC_IMPLICIT_RETAIN_SELF = YES;
				CLANG_WARN_OBJC_LITERAL_CONVERSION = YES;
				CLANG_WARN_OBJC_ROOT_CLASS = YES_ERROR;
				CLANG_WARN_QUOTED_INCLUDE_IN_FRAMEWORK_HEADER = YES;
				CLANG_WARN_RANGE_LOOP_ANALYSIS = YES;
				CLANG_WARN_STRICT_PROTOTYPES = YES;
				CLANG_WARN_SUSPICIOUS_MOVE = YES;
				CLANG_WARN_UNGUARDED_AVAILABILITY = YES_AGGRESSIVE;
				CLANG_WARN_UNREACHABLE_CODE = YES;
				CLANG_WARN__DUPLICATE_METHOD_MATCH = YES;
				COPY_PHASE_STRIP = NO;
				DEBUG_INFORMATION_FORMAT = "dwarf-with-dsym";
				ENABLE_NS_ASSERTIONS = NO;
				ENABLE_STRICT_OBJC_MSGSEND = YES;
				GCC_C_LANGUAGE_STANDARD = gnu11;
				GCC_NO_COMMON_BLOCKS = YES;
				GCC_WARN_64_TO_32_BIT_CONVERSION = YES;
				GCC_WARN_ABOUT_RETURN_TYPE = YES_ERROR;
				GCC_WARN_UNDECLARED_SELECTOR = YES;
				GCC_WARN_UNINITIALIZED_AUTOS = YES_AGGRESSIVE;
				GCC_WARN_UNUSED_FUNCTION = YES;
				GCC_WARN_UNUSED_VARIABLE = YES;
				IPHONEOS_DEPLOYMENT_TARGET = 14.4;
				MTL_ENABLE_DEBUG_INFO = NO;
				MTL_FAST_MATH = YES;
				SDKROOT = iphoneos;
				SWIFT_COMPILATION_MODE = wholemodule;
				SWIFT_OPTIMIZATION_LEVEL = "-O";
				VALIDATE_PRODUCT = YES;
			};
			name = Release;
		};
		7F2AAA6B261B85FD00F43A4E /* Debug */ = {
			isa = XCBuildConfiguration;
			buildSettings = {
				ASSETCATALOG_COMPILER_APPICON_NAME = AppIcon;
				ASSETCATALOG_COMPILER_GLOBAL_ACCENT_COLOR_NAME = AccentColor;
				CODE_SIGN_ENTITLEMENTS = Pokemon_Database/Pokemon_Database.entitlements;
				CODE_SIGN_IDENTITY = "Apple Development";
				"CODE_SIGN_IDENTITY[sdk=macosx*]" = "Apple Development";
				CODE_SIGN_STYLE = Automatic;
				DEVELOPMENT_ASSET_PATHS = "\"Pokemon_Database/Preview Content\"";
				DEVELOPMENT_TEAM = S327K256HG;
				ENABLE_PREVIEWS = YES;
				INFOPLIST_FILE = Pokemon_Database/Info.plist;
				IPHONEOS_DEPLOYMENT_TARGET = 14.0;
				LD_RUNPATH_SEARCH_PATHS = (
					"$(inherited)",
					"@executable_path/Frameworks",
				);
				PRODUCT_BUNDLE_IDENTIFIER = "me.nfusselman-ac.Pokemon-Database";
				PRODUCT_NAME = "$(TARGET_NAME)";
				PROVISIONING_PROFILE_SPECIFIER = "";
				"PROVISIONING_PROFILE_SPECIFIER[sdk=macosx*]" = "";
				SUPPORTS_MACCATALYST = YES;
				SWIFT_VERSION = 5.0;
				TARGETED_DEVICE_FAMILY = "1,2";
			};
			name = Debug;
		};
		7F2AAA6C261B85FD00F43A4E /* Release */ = {
			isa = XCBuildConfiguration;
			buildSettings = {
				ASSETCATALOG_COMPILER_APPICON_NAME = AppIcon;
				ASSETCATALOG_COMPILER_GLOBAL_ACCENT_COLOR_NAME = AccentColor;
				CODE_SIGN_ENTITLEMENTS = Pokemon_Database/Pokemon_Database.entitlements;
				CODE_SIGN_IDENTITY = "Apple Development";
				"CODE_SIGN_IDENTITY[sdk=macosx*]" = "Apple Development";
				CODE_SIGN_STYLE = Automatic;
				DEVELOPMENT_ASSET_PATHS = "\"Pokemon_Database/Preview Content\"";
				DEVELOPMENT_TEAM = S327K256HG;
				ENABLE_PREVIEWS = YES;
				INFOPLIST_FILE = Pokemon_Database/Info.plist;
				IPHONEOS_DEPLOYMENT_TARGET = 14.0;
				LD_RUNPATH_SEARCH_PATHS = (
					"$(inherited)",
					"@executable_path/Frameworks",
				);
				PRODUCT_BUNDLE_IDENTIFIER = "me.nfusselman-ac.Pokemon-Database";
				PRODUCT_NAME = "$(TARGET_NAME)";
				PROVISIONING_PROFILE_SPECIFIER = "";
				"PROVISIONING_PROFILE_SPECIFIER[sdk=macosx*]" = "";
				SUPPORTS_MACCATALYST = YES;
				SWIFT_VERSION = 5.0;
				TARGETED_DEVICE_FAMILY = "1,2";
			};
			name = Release;
		};
		7F2AAA6E261B85FD00F43A4E /* Debug */ = {
			isa = XCBuildConfiguration;
			buildSettings = {
				ALWAYS_EMBED_SWIFT_STANDARD_LIBRARIES = YES;
				BUNDLE_LOADER = "$(TEST_HOST)";
				CODE_SIGN_STYLE = Automatic;
				DEVELOPMENT_TEAM = LNHXUA68MT;
				INFOPLIST_FILE = Pokemon_DatabaseTests/Info.plist;
				IPHONEOS_DEPLOYMENT_TARGET = 14.0;
				LD_RUNPATH_SEARCH_PATHS = (
					"$(inherited)",
					"@executable_path/Frameworks",
					"@loader_path/Frameworks",
				);
				PRODUCT_BUNDLE_IDENTIFIER = "me.nathanfusselman.Pokemon-DatabaseTests";
				PRODUCT_NAME = "$(TARGET_NAME)";
				SWIFT_VERSION = 5.0;
				TARGETED_DEVICE_FAMILY = "1,2";
				TEST_HOST = "$(BUILT_PRODUCTS_DIR)/Pokemon Database.app/Pokemon Database";
			};
			name = Debug;
		};
		7F2AAA6F261B85FD00F43A4E /* Release */ = {
			isa = XCBuildConfiguration;
			buildSettings = {
				ALWAYS_EMBED_SWIFT_STANDARD_LIBRARIES = YES;
				BUNDLE_LOADER = "$(TEST_HOST)";
				CODE_SIGN_STYLE = Automatic;
				DEVELOPMENT_TEAM = LNHXUA68MT;
				INFOPLIST_FILE = Pokemon_DatabaseTests/Info.plist;
				IPHONEOS_DEPLOYMENT_TARGET = 14.0;
				LD_RUNPATH_SEARCH_PATHS = (
					"$(inherited)",
					"@executable_path/Frameworks",
					"@loader_path/Frameworks",
				);
				PRODUCT_BUNDLE_IDENTIFIER = "me.nathanfusselman.Pokemon-DatabaseTests";
				PRODUCT_NAME = "$(TARGET_NAME)";
				SWIFT_VERSION = 5.0;
				TARGETED_DEVICE_FAMILY = "1,2";
				TEST_HOST = "$(BUILT_PRODUCTS_DIR)/Pokemon Database.app/Pokemon Database";
			};
			name = Release;
		};
		7F2AAA71261B85FD00F43A4E /* Debug */ = {
			isa = XCBuildConfiguration;
			buildSettings = {
				ALWAYS_EMBED_SWIFT_STANDARD_LIBRARIES = YES;
				CODE_SIGN_STYLE = Automatic;
				DEVELOPMENT_TEAM = LNHXUA68MT;
				INFOPLIST_FILE = Pokemon_DatabaseUITests/Info.plist;
				LD_RUNPATH_SEARCH_PATHS = (
					"$(inherited)",
					"@executable_path/Frameworks",
					"@loader_path/Frameworks",
				);
				PRODUCT_BUNDLE_IDENTIFIER = "me.nathanfusselman.Pokemon-DatabaseUITests";
				PRODUCT_NAME = "$(TARGET_NAME)";
				SWIFT_VERSION = 5.0;
				TARGETED_DEVICE_FAMILY = "1,2";
				TEST_TARGET_NAME = Pokemon_Database;
			};
			name = Debug;
		};
		7F2AAA72261B85FD00F43A4E /* Release */ = {
			isa = XCBuildConfiguration;
			buildSettings = {
				ALWAYS_EMBED_SWIFT_STANDARD_LIBRARIES = YES;
				CODE_SIGN_STYLE = Automatic;
				DEVELOPMENT_TEAM = LNHXUA68MT;
				INFOPLIST_FILE = Pokemon_DatabaseUITests/Info.plist;
				LD_RUNPATH_SEARCH_PATHS = (
					"$(inherited)",
					"@executable_path/Frameworks",
					"@loader_path/Frameworks",
				);
				PRODUCT_BUNDLE_IDENTIFIER = "me.nathanfusselman.Pokemon-DatabaseUITests";
				PRODUCT_NAME = "$(TARGET_NAME)";
				SWIFT_VERSION = 5.0;
				TARGETED_DEVICE_FAMILY = "1,2";
				TEST_TARGET_NAME = Pokemon_Database;
			};
			name = Release;
		};
/* End XCBuildConfiguration section */

/* Begin XCConfigurationList section */
		7F2AAA40261B85FB00F43A4E /* Build configuration list for PBXProject "Pokemon Database" */ = {
			isa = XCConfigurationList;
			buildConfigurations = (
				7F2AAA68261B85FD00F43A4E /* Debug */,
				7F2AAA69261B85FD00F43A4E /* Release */,
			);
			defaultConfigurationIsVisible = 0;
			defaultConfigurationName = Release;
		};
		7F2AAA6A261B85FD00F43A4E /* Build configuration list for PBXNativeTarget "Pokemon Database" */ = {
			isa = XCConfigurationList;
			buildConfigurations = (
				7F2AAA6B261B85FD00F43A4E /* Debug */,
				7F2AAA6C261B85FD00F43A4E /* Release */,
			);
			defaultConfigurationIsVisible = 0;
			defaultConfigurationName = Release;
		};
		7F2AAA6D261B85FD00F43A4E /* Build configuration list for PBXNativeTarget "Pokemon DatabaseTests" */ = {
			isa = XCConfigurationList;
			buildConfigurations = (
				7F2AAA6E261B85FD00F43A4E /* Debug */,
				7F2AAA6F261B85FD00F43A4E /* Release */,
			);
			defaultConfigurationIsVisible = 0;
			defaultConfigurationName = Release;
		};
		7F2AAA70261B85FD00F43A4E /* Build configuration list for PBXNativeTarget "Pokemon DatabaseUITests" */ = {
			isa = XCConfigurationList;
			buildConfigurations = (
				7F2AAA71261B85FD00F43A4E /* Debug */,
				7F2AAA72261B85FD00F43A4E /* Release */,
			);
			defaultConfigurationIsVisible = 0;
			defaultConfigurationName = Release;
		};
/* End XCConfigurationList section */

/* Begin XCRemoteSwiftPackageReference section */
		7F06C740261D3CE20020A7D6 /* XCRemoteSwiftPackageReference "Alamofire" */ = {
			isa = XCRemoteSwiftPackageReference;
			repositoryURL = "https://github.com/Alamofire/Alamofire.git";
			requirement = {
				branch = master;
				kind = branch;
			};
		};
		7F06C746261D40620020A7D6 /* XCRemoteSwiftPackageReference "SwiftyJSON" */ = {
			isa = XCRemoteSwiftPackageReference;
			repositoryURL = "https://github.com/SwiftyJSON/SwiftyJSON.git";
			requirement = {
				branch = master;
				kind = branch;
			};
		};
/* End XCRemoteSwiftPackageReference section */

/* Begin XCSwiftPackageProductDependency section */
		7F06C741261D3CE20020A7D6 /* Alamofire */ = {
			isa = XCSwiftPackageProductDependency;
			package = 7F06C740261D3CE20020A7D6 /* XCRemoteSwiftPackageReference "Alamofire" */;
			productName = Alamofire;
		};
		7F06C747261D40620020A7D6 /* SwiftyJSON */ = {
			isa = XCSwiftPackageProductDependency;
			package = 7F06C746261D40620020A7D6 /* XCRemoteSwiftPackageReference "SwiftyJSON" */;
			productName = SwiftyJSON;
		};
/* End XCSwiftPackageProductDependency section */
	};
	rootObject = 7F2AAA3D261B85FB00F43A4E /* Project object */;
}
